
Microsoft Visual Studio Solution File, Format Version 12.00
# Visual Studio 15
VisualStudioVersion = 15.0.27130.2010
MinimumVisualStudioVersion = 10.0.40219.1
Project("{FAE04EC0-301F-11D3-BF4B-00C04F79EFBC}") = "TestNugetServer", "TestNugetServer\TestNugetServer.csproj", "{1B4E403B-4D02-4AF7-BDC7-0280F35C3013}"
EndProject
Project("{FAE04EC0-301F-11D3-BF4B-00C04F79EFBC}") = "TestAddLibrary", "TestLibrary2\TestAddLibrary.csproj", "{D60CEF76-3C54-4C42-BCBE-9623FBBE0F2A}"
EndProject
Project("{FAE04EC0-301F-11D3-BF4B-00C04F79EFBC}") = "TestConsole", "TestConsole\TestConsole.csproj", "{8179915A-F738-44E7-9DA1-47E9F687FD8B}"
EndProject
Global
	GlobalSection(SolutionConfigurationPlatforms) = preSolution
		Debug|Any CPU = Debug|Any CPU
		Release|Any CPU = Release|Any CPU
	EndGlobalSection
	GlobalSection(ProjectConfigurationPlatforms) = postSolution
		{1B4E403B-4D02-4AF7-BDC7-0280F35C3013}.Debug|Any CPU.ActiveCfg = Debug|Any CPU
		{1B4E403B-4D02-4AF7-BDC7-0280F35C3013}.Debug|Any CPU.Build.0 = Debug|Any CPU
		{1B4E403B-4D02-4AF7-BDC7-0280F35C3013}.Release|Any CPU.ActiveCfg = Release|Any CPU
		{1B4E403B-4D02-4AF7-BDC7-0280F35C3013}.Release|Any CPU.Build.0 = Release|Any CPU
		{D60CEF76-3C54-4C42-BCBE-9623FBBE0F2A}.Debug|Any CPU.ActiveCfg = Debug|Any CPU
		{D60CEF76-3C54-4C42-BCBE-9623FBBE0F2A}.Debug|Any CPU.Build.0 = Debug|Any CPU
		{D60CEF76-3C54-4C42-BCBE-9623FBBE0F2A}.Release|Any CPU.ActiveCfg = Release|Any CPU
		{D60CEF76-3C54-4C42-BCBE-9623FBBE0F2A}.Release|Any CPU.Build.0 = Release|Any CPU
		{8179915A-F738-44E7-9DA1-47E9F687FD8B}.Debug|Any CPU.ActiveCfg = Debug|Any CPU
		{8179915A-F738-44E7-9DA1-47E9F687FD8B}.Debug|Any CPU.Build.0 = Debug|Any CPU
		{8179915A-F738-44E7-9DA1-47E9F687FD8B}.Release|Any CPU.ActiveCfg = Release|Any CPU
		{8179915A-F738-44E7-9DA1-47E9F687FD8B}.Release|Any CPU.Build.0 = Release|Any CPU
	EndGlobalSection
	GlobalSection(SolutionProperties) = preSolution
		HideSolutionNode = FALSE
	EndGlobalSection
	GlobalSection(ExtensibilityGlobals) = postSolution
		SolutionGuid = {A28F5803-DF25-4704-A910-50CE75900A95}
	EndGlobalSection
EndGlobal
